<?xml version="1.0" encoding="utf-8"?>
<Project ToolsVersion="4.0" xmlns="http://schemas.microsoft.com/developer/msbuild/2003">
  <ItemGroup>
    <Filter Include="源文件">
      <UniqueIdentifier>{4FC737F1-C7A5-4376-A066-2A32D752A2FF}</UniqueIdentifier>
      <Extensions>cpp;c;cc;cxx;c++;cppm;ixx;def;odl;idl;hpj;bat;asm;asmx</Extensions>
    </Filter>
    <Filter Include="头文件">
      <UniqueIdentifier>{93995380-89BD-4b04-88EB-625FBE52EBFB}</UniqueIdentifier>
      <Extensions>h;hh;hpp;hxx;h++;hm;inl;inc;ipp;xsd</Extensions>
    </Filter>
    <Filter Include="资源文件">
      <UniqueIdentifier>{67DA6AB6-F800-4c08-8B7A-83BB121AAD01}</UniqueIdentifier>
      <Extensions>rc;ico;cur;bmp;dlg;rc2;rct;bin;rgs;gif;jpg;jpeg;jpe;resx;tiff;tif;png;wav;mfcribbon-ms</Extensions>
    </Filter>
  </ItemGroup>
  <ItemGroup>
    <ClCompile Include="src\main.cpp">
      <Filter>源文件</Filter>
    </ClCompile>
  </ItemGroup>
  <ItemGroup>
    <ClInclude Include="opensource\meshoptimizer.h">
      <Filter>头文件</Filter>
    </ClInclude>
    <ClInclude Include="opensource\metis.h">
      <Filter>头文件</Filter>
    </ClInclude>
    <ClInclude Include="opensource\stb_image.h">
      <Filter>头文件</Filter>
    </ClInclude>
    <ClInclude Include="inc\vkWrapper\EasyVKStart.h">
      <Filter>头文件</Filter>
    </ClInclude>
    <ClInclude Include="inc\vkWrapper\EasyVulkan.hpp">
      <Filter>头文件</Filter>
    </ClInclude>
    <ClInclude Include="inc\vkWrapper\GlfwGeneral.hpp">
      <Filter>头文件</Filter>
    </ClInclude>
    <ClInclude Include="inc\vkWrapper\VKBase.h">
      <Filter>头文件</Filter>
    </ClInclude>
    <ClInclude Include="inc\vkWrapper\VKBase+.h">
      <Filter>头文件</Filter>
    </ClInclude>
    <ClInclude Include="inc\vkWrapper\VKFormat.h">
      <Filter>头文件</Filter>
    </ClInclude>
    <ClInclude Include="inc\render\DeferredRenderPass.hpp">
      <Filter>头文件</Filter>
    </ClInclude>
    <ClInclude Include="inc\camera\Camera.hpp">
      <Filter>头文件</Filter>
    </ClInclude>
    <ClInclude Include="inc\mesh\Mesh.hpp">
      <Filter>头文件</Filter>
    </ClInclude>
    <ClInclude Include="inc\common.h">
      <Filter>头文件</Filter>
    </ClInclude>
    <ClInclude Include="inc\texture\TextureCube.hpp">
      <Filter>头文件</Filter>
    </ClInclude>
    <ClInclude Include="inc\lighting\IBLWrapper.hpp">
      <Filter>头文件</Filter>
    </ClInclude>
    <ClInclude Include="inc\render\PipelineRenderPass.hpp">
      <Filter>头文件</Filter>
    </ClInclude>
    <ClInclude Include="inc\render\CubeRenderPass.hpp">
      <Filter>头文件</Filter>
    </ClInclude>
    <ClInclude Include="inc\render\IntegrateBRDFRenderPass.hpp">
      <Filter>头文件</Filter>
    </ClInclude>
  </ItemGroup>
  <ItemGroup>
    <Library Include="lib\assimp.lib" />
    <Library Include="lib\GKlib.lib" />
    <Library Include="lib\glfw3.lib" />
    <Library Include="lib\meshoptimizer.lib" />
    <Library Include="lib\metis.lib" />
    <Library Include="lib\vulkan-1.lib" />
  </ItemGroup>
  <ItemGroup>
    <None Include="shaders\Gbuffer.vert" />
    <None Include="shaders\Composition.frag" />
    <None Include="shaders\GBuffer.frag" />
    <None Include="shaders\Composition.vert" />
    <None Include="resource\texture\hdr\appart.hdr" />
    <None Include="resource\texture\hdr\canyon.hdr" />
    <None Include="resource\texture\hdr\circus.hdr" />
    <None Include="resource\texture\hdr\loft.hdr" />
    <None Include="resource\texture\hdr\path.hdr" />
    <None Include="resource\texture\hdr\pisa.hdr" />
    <None Include="shaders\texture\LatlongToCube.vert" />
    <None Include="shaders\texture\LatlongToCube.frag" />
    <None Include="shaders\texture\IrradianceIBL.vert" />
    <None Include="shaders\texture\IrradianceIBL.frag" />
    <None Include="shaders\texture\PrefilterIBL.vert" />
    <None Include="shaders\texture\PrefilterIBL.frag" />
    <None Include="shaders\texture\IntegrateBRDF.vert" />
    <None Include="shaders\texture\IntegrateBRDF.frag" />
  </ItemGroup>
  <ItemGroup>
    <Image Include="resource\texture\skybox\back.jpg">
      <Filter>资源文件</Filter>
    </Image>
    <Image Include="resource\texture\skybox\bottom.jpg">
      <Filter>资源文件</Filter>
    </Image>
    <Image Include="resource\texture\skybox\front.jpg">
      <Filter>资源文件</Filter>
    </Image>
    <Image Include="resource\texture\skybox\left.jpg">
      <Filter>资源文件</Filter>
    </Image>
    <Image Include="resource\texture\skybox\right.jpg">
      <Filter>资源文件</Filter>
    </Image>
    <Image Include="resource\texture\skybox\top.jpg">
      <Filter>资源文件</Filter>
    </Image>
  </ItemGroup>
</Project>